github.com/panjf2000/ants v1.3.0 h1:8pQ+8leaLc9lys2viEEr8md0U4RN6uOSUCE9bOYjQ9M=
github.com/panjf2000/ants v1.3.0/go.mod h1:AaACblRPzq35m1g3enqYcxspbbiOJJYaxU2wMpm1cXY=
github.com/sony/sonyflake v1.2.0 h1:Pfr3A+ejSg+0SPqpoAmQgEtNDAhc2G1SUYk205qVMLQ=
github.com/sony/sonyflake v1.2.0/go.mod h1:LORtCywH/cq10ZbyfhKrHYgAUGH7mOBa76enV9txy/Y=
github.com/zhaomin1993/pool v0.0.0-20230823060341-bc3fc3d7b252 h1:Ye8ctAm/JUD5HciCnYHNTF6mp3oXGvf3A+K3dkIFPM4=
github.com/zhaomin1993/pool v0.0.0-20230823060341-bc3fc3d7b252/go.mod h1:5EUsZIT0tGCUvk036Co/If1YECq9ZH6ppoHQZZd3bwo=
